
Microsoft Visual Studio Solution File, Format Version 12.00
# Visual Studio Version 17
VisualStudioVersion = 17.7.34018.315
MinimumVisualStudioVersion = 10.0.40219.1
Project("{FAE04EC0-301F-11D3-BF4B-00C04F79EFBC}") = "PPPracticaEmpresarial", "PPPracticaEmpresarial\PPPracticaEmpresarial.csproj", "{24B98C1E-9423-40FC-B54F-41B45ACCAF7D}"
	ProjectSection(ProjectDependencies) = postProject
		{34E78C55-9801-4672-BDD2-44C8DFD49409} = {34E78C55-9801-4672-BDD2-44C8DFD49409}
	EndProjectSection
EndProject
Project("{FAE04EC0-301F-11D3-BF4B-00C04F79EFBC}") = "Logica", "Logica\Logica.csproj", "{34E78C55-9801-4672-BDD2-44C8DFD49409}"
EndProject
Global
	GlobalSection(SolutionConfigurationPlatforms) = preSolution
		Debug|Any CPU = Debug|Any CPU
		Release|Any CPU = Release|Any CPU
	EndGlobalSection
	GlobalSection(ProjectConfigurationPlatforms) = postSolution
		{24B98C1E-9423-40FC-B54F-41B45ACCAF7D}.Debug|Any CPU.ActiveCfg = Debug|Any CPU
		{24B98C1E-9423-40FC-B54F-41B45ACCAF7D}.Debug|Any CPU.Build.0 = Debug|Any CPU
		{24B98C1E-9423-40FC-B54F-41B45ACCAF7D}.Release|Any CPU.ActiveCfg = Release|Any CPU
		{24B98C1E-9423-40FC-B54F-41B45ACCAF7D}.Release|Any CPU.Build.0 = Release|Any CPU
		{34E78C55-9801-4672-BDD2-44C8DFD49409}.Debug|Any CPU.ActiveCfg = Debug|Any CPU
		{34E78C55-9801-4672-BDD2-44C8DFD49409}.Debug|Any CPU.Build.0 = Debug|Any CPU
		{34E78C55-9801-4672-BDD2-44C8DFD49409}.Release|Any CPU.ActiveCfg = Release|Any CPU
		{34E78C55-9801-4672-BDD2-44C8DFD49409}.Release|Any CPU.Build.0 = Release|Any CPU
	EndGlobalSection
	GlobalSection(SolutionProperties) = preSolution
		HideSolutionNode = FALSE
	EndGlobalSection
	GlobalSection(ExtensibilityGlobals) = postSolution
		SolutionGuid = {046CBF6D-E0C1-41E4-8C20-62533854C122}
	EndGlobalSection
EndGlobal
